{
  "name": "test-package",
  "version": "1.0.0",
  "lockfileVersion": 3,
  "requires": true,
  "packages": {
    "": {
      "name": "test-package",
      "version": "1.0.0",
      "license": "ISC",
      "dependencies": {
        "@metaphorlism/temp-package": "^1.0.0"
      }
    },
    "../temp-package": {
      "name": "@metaphorlism/temp-package",
      "version": "1.0.0",
      "extraneous": true,
      "license": "ISC",
      "devDependencies": {
        "@babel/cli": "^7.22.9",
        "@babel/core": "^7.22.9",
        "@babel/plugin-transform-modules-commonjs": "^7.22.5",
        "@babel/preset-env": "^7.22.9"
      }
    },
    "node_modules/@metaphorlism/temp-package": {
      "version": "1.0.0",
      "resolved": "https://registry.npmjs.org/@metaphorlism/temp-package/-/temp-package-1.0.0.tgz",
      "integrity": "sha512-GR8WHy4SXRWAHiJZClnKu1CtvNb7s8PpO8b2weTdKWJKE/t8yimGxllMHPNDdFTRJJCWoHF/vD2jX+6bXTlhGQ=="
    }
  }
}
